<Solution>
  <Folder Name="/Solution Items/">
    <File Path=".gitignore" />
    <File Path="pipeline-config.json" />
    <File Path="pipeline/background-removal/remove_backgrounds.py" />
    <File Path="ReadMe.md" />
    <File Path="run.ps1" />
  </Folder>
  <Project Path="src/AnimalAssetsPipeline/AnimalAssetsPipeline.csproj" />
  <Project Path="src/Models/Models.csproj" />
  <Project Path="src/Services/Services.csproj" />
</Solution>
