<Solution>
  <Folder Name="/Solution Items/">
    <File Path=".github/workflows/validate-json.yml" />
    <File Path=".gitignore" />
    <File Path="output/dexes/global-dex.json" />
    <File Path="pipeline-config.json" />
    <File Path="python_scripts/rank-images.py" />
    <File Path="python_scripts/remove_backgrounds.py" />
    <File Path="ReadMe.md" />
    <File Path="run.ps1" />
  </Folder>
  <Project Path="src/AnimalAssetsPipeline/AnimalAssetsPipeline.csproj" />
  <Project Path="src/Lifedex.Constants/Lifedex.Constants.csproj" Id="fcb36c47-4545-4f7b-8cb7-2d720ef81d79" />
  <Project Path="src/Lifedex.Database/Lifedex.Database.csproj" Id="bc8408e7-da50-4b24-90dd-4c56bce3bb33" />
  <Project Path="src/Lifedex.Abstraction/Lifedex.Abstraction.csproj" Id="088385b9-3da8-4099-bdf2-dfa26b24ed29" />
  <Project Path="src/Lifedex.Models/Lifedex.Models.csproj" />
  <Project Path="src/Lifedex.Services/Lifedex.Concrete.csproj" />
</Solution>
